// !$*UTF8*$!
{
	archiveVersion = 1;
	classes = {
	};
	objectVersion = 50;
	objects = {

/* Begin PBXBuildFile section */
		114FB96E243B26D800FD9AAA /* Extension+UILabel.swift in Sources */ = {isa = PBXBuildFile; fileRef = 114FB96D243B26D800FD9AAA /* Extension+UILabel.swift */; };
		114FB971243B290200FD9AAA /* RewardModel.swift in Sources */ = {isa = PBXBuildFile; fileRef = 114FB970243B290200FD9AAA /* RewardModel.swift */; };
		114FB973243B333F00FD9AAA /* Exntension+UINavigationController.swift in Sources */ = {isa = PBXBuildFile; fileRef = 114FB972243B333F00FD9AAA /* Exntension+UINavigationController.swift */; };
		1161FBA9243AF61600793751 /* AppDelegate.swift in Sources */ = {isa = PBXBuildFile; fileRef = 1161FBA8243AF61600793751 /* AppDelegate.swift */; };
		1161FBB2243AF61800793751 /* Assets.xcassets in Resources */ = {isa = PBXBuildFile; fileRef = 1161FBB1243AF61800793751 /* Assets.xcassets */; };
		1161FBB5243AF61800793751 /* LaunchScreen.storyboard in Resources */ = {isa = PBXBuildFile; fileRef = 1161FBB3243AF61800793751 /* LaunchScreen.storyboard */; };
		1161FBCA243AF93C00793751 /* Extension+UITableView.swift in Sources */ = {isa = PBXBuildFile; fileRef = 1161FBC6243AF93C00793751 /* Extension+UITableView.swift */; };
		1161FBCB243AF93C00793751 /* Extension+UIImageView.swift in Sources */ = {isa = PBXBuildFile; fileRef = 1161FBC3243AF93C00793751 /* Extension+UIImageView.swift */; };
		1161FBCC243AF93C00793751 /* Extension+UIApplication.swift in Sources */ = {isa = PBXBuildFile; fileRef = 1161FBC8243AF93C00793751 /* Extension+UIApplication.swift */; };
		1161FBCD243AF93C00793751 /* Extension+UIViewController.swift in Sources */ = {isa = PBXBuildFile; fileRef = 1161FBC4243AF93C00793751 /* Extension+UIViewController.swift */; };
		1161FBCE243AF93C00793751 /* Extension+Codable.swift in Sources */ = {isa = PBXBuildFile; fileRef = 1161FBC2243AF93C00793751 /* Extension+Codable.swift */; };
		1161FBCF243AF93C00793751 /* Extension+UIView.swift in Sources */ = {isa = PBXBuildFile; fileRef = 1161FBC5243AF93C00793751 /* Extension+UIView.swift */; };
		1161FBD0243AF93C00793751 /* Extension+String.swift in Sources */ = {isa = PBXBuildFile; fileRef = 1161FBC9243AF93C00793751 /* Extension+String.swift */; };
		1161FBD1243AF93C00793751 /* Extension+UITableViewCell.swift in Sources */ = {isa = PBXBuildFile; fileRef = 1161FBC7243AF93C00793751 /* Extension+UITableViewCell.swift */; };
		1161FBDF243AF9B800793751 /* IModule.swift in Sources */ = {isa = PBXBuildFile; fileRef = 1161FBDB243AF9B800793751 /* IModule.swift */; };
		1161FBE0243AF9B800793751 /* IRouter.swift in Sources */ = {isa = PBXBuildFile; fileRef = 1161FBDC243AF9B800793751 /* IRouter.swift */; };
		1161FBE1243AF9B800793751 /* AppRouter.swift in Sources */ = {isa = PBXBuildFile; fileRef = 1161FBDD243AF9B800793751 /* AppRouter.swift */; };
		1161FBE2243AF9B800793751 /* FeatureModule.swift in Sources */ = {isa = PBXBuildFile; fileRef = 1161FBDE243AF9B800793751 /* FeatureModule.swift */; };
		1161FBE8243AFB2300793751 /* LoginInterfaces.swift in Sources */ = {isa = PBXBuildFile; fileRef = 1161FBE7243AFB2300793751 /* LoginInterfaces.swift */; };
		1161FBEA243AFB3C00793751 /* LoginViewModel.swift in Sources */ = {isa = PBXBuildFile; fileRef = 1161FBE9243AFB3C00793751 /* LoginViewModel.swift */; };
		1161FBEC243AFB4500793751 /* LoginWireframe.swift in Sources */ = {isa = PBXBuildFile; fileRef = 1161FBEB243AFB4500793751 /* LoginWireframe.swift */; };
		1161FBEE243AFB5A00793751 /* LoginPresenter.swift in Sources */ = {isa = PBXBuildFile; fileRef = 1161FBED243AFB5A00793751 /* LoginPresenter.swift */; };
		1161FBF1243AFB6500793751 /* LoginViewController.swift in Sources */ = {isa = PBXBuildFile; fileRef = 1161FBEF243AFB6500793751 /* LoginViewController.swift */; };
		1161FBF2243AFB6500793751 /* LoginViewController.xib in Resources */ = {isa = PBXBuildFile; fileRef = 1161FBF0243AFB6500793751 /* LoginViewController.xib */; };
		1161FBF4243AFB6E00793751 /* LoginModule.swift in Sources */ = {isa = PBXBuildFile; fileRef = 1161FBF3243AFB6E00793751 /* LoginModule.swift */; };
		1161FBF7243B217200793751 /* HomeInterfaces.swift in Sources */ = {isa = PBXBuildFile; fileRef = 1161FBF6243B217200793751 /* HomeInterfaces.swift */; };
		1161FBF9243B21E500793751 /* HomeViewModel.swift in Sources */ = {isa = PBXBuildFile; fileRef = 1161FBF8243B21E500793751 /* HomeViewModel.swift */; };
		1161FBFB243B21F300793751 /* HomeWireframe.swift in Sources */ = {isa = PBXBuildFile; fileRef = 1161FBFA243B21F300793751 /* HomeWireframe.swift */; };
		1161FBFD243B21FD00793751 /* HomePresenter.swift in Sources */ = {isa = PBXBuildFile; fileRef = 1161FBFC243B21FD00793751 /* HomePresenter.swift */; };
		1161FC00243B220500793751 /* HomeViewController.swift in Sources */ = {isa = PBXBuildFile; fileRef = 1161FBFE243B220500793751 /* HomeViewController.swift */; };
		1161FC01243B220500793751 /* HomeViewController.xib in Resources */ = {isa = PBXBuildFile; fileRef = 1161FBFF243B220500793751 /* HomeViewController.xib */; };
		1161FC03243B221400793751 /* HomeModule.swift in Sources */ = {isa = PBXBuildFile; fileRef = 1161FC02243B221400793751 /* HomeModule.swift */; };
		1161FC07243B25F900793751 /* AwardTableCell.swift in Sources */ = {isa = PBXBuildFile; fileRef = 1161FC05243B25F900793751 /* AwardTableCell.swift */; };
		1161FC08243B25F900793751 /* AwardTableCell.xib in Resources */ = {isa = PBXBuildFile; fileRef = 1161FC06243B25F900793751 /* AwardTableCell.xib */; };
/* End PBXBuildFile section */

/* Begin PBXFileReference section */
		114FB96D243B26D800FD9AAA /* Extension+UILabel.swift */ = {isa = PBXFileReference; lastKnownFileType = sourcecode.swift; path = "Extension+UILabel.swift"; sourceTree = "<group>"; };
		114FB970243B290200FD9AAA /* RewardModel.swift */ = {isa = PBXFileReference; lastKnownFileType = sourcecode.swift; path = RewardModel.swift; sourceTree = "<group>"; };
		114FB972243B333F00FD9AAA /* Exntension+UINavigationController.swift */ = {isa = PBXFileReference; lastKnownFileType = sourcecode.swift; path = "Exntension+UINavigationController.swift"; sourceTree = "<group>"; };
		1161FBA5243AF61600793751 /* Awards App.app */ = {isa = PBXFileReference; explicitFileType = wrapper.application; includeInIndex = 0; path = "Awards App.app"; sourceTree = BUILT_PRODUCTS_DIR; };
		1161FBA8243AF61600793751 /* AppDelegate.swift */ = {isa = PBXFileReference; lastKnownFileType = sourcecode.swift; path = AppDelegate.swift; sourceTree = "<group>"; };
		1161FBB1243AF61800793751 /* Assets.xcassets */ = {isa = PBXFileReference; lastKnownFileType = folder.assetcatalog; path = Assets.xcassets; sourceTree = "<group>"; };
		1161FBB4243AF61800793751 /* Base */ = {isa = PBXFileReference; lastKnownFileType = file.storyboard; name = Base; path = Base.lproj/LaunchScreen.storyboard; sourceTree = "<group>"; };
		1161FBB6243AF61800793751 /* Info.plist */ = {isa = PBXFileReference; lastKnownFileType = text.plist.xml; path = Info.plist; sourceTree = "<group>"; };
		1161FBC2243AF93C00793751 /* Extension+Codable.swift */ = {isa = PBXFileReference; lastKnownFileType = sourcecode.swift; path = "Extension+Codable.swift"; sourceTree = "<group>"; };
		1161FBC3243AF93C00793751 /* Extension+UIImageView.swift */ = {isa = PBXFileReference; lastKnownFileType = sourcecode.swift; path = "Extension+UIImageView.swift"; sourceTree = "<group>"; };
		1161FBC4243AF93C00793751 /* Extension+UIViewController.swift */ = {isa = PBXFileReference; lastKnownFileType = sourcecode.swift; path = "Extension+UIViewController.swift"; sourceTree = "<group>"; };
		1161FBC5243AF93C00793751 /* Extension+UIView.swift */ = {isa = PBXFileReference; lastKnownFileType = sourcecode.swift; path = "Extension+UIView.swift"; sourceTree = "<group>"; };
		1161FBC6243AF93C00793751 /* Extension+UITableView.swift */ = {isa = PBXFileReference; lastKnownFileType = sourcecode.swift; path = "Extension+UITableView.swift"; sourceTree = "<group>"; };
		1161FBC7243AF93C00793751 /* Extension+UITableViewCell.swift */ = {isa = PBXFileReference; lastKnownFileType = sourcecode.swift; path = "Extension+UITableViewCell.swift"; sourceTree = "<group>"; };
		1161FBC8243AF93C00793751 /* Extension+UIApplication.swift */ = {isa = PBXFileReference; lastKnownFileType = sourcecode.swift; path = "Extension+UIApplication.swift"; sourceTree = "<group>"; };
		1161FBC9243AF93C00793751 /* Extension+String.swift */ = {isa = PBXFileReference; lastKnownFileType = sourcecode.swift; path = "Extension+String.swift"; sourceTree = "<group>"; };
		1161FBDB243AF9B800793751 /* IModule.swift */ = {isa = PBXFileReference; fileEncoding = 4; lastKnownFileType = sourcecode.swift; path = IModule.swift; sourceTree = "<group>"; };
		1161FBDC243AF9B800793751 /* IRouter.swift */ = {isa = PBXFileReference; fileEncoding = 4; lastKnownFileType = sourcecode.swift; path = IRouter.swift; sourceTree = "<group>"; };
		1161FBDD243AF9B800793751 /* AppRouter.swift */ = {isa = PBXFileReference; fileEncoding = 4; lastKnownFileType = sourcecode.swift; path = AppRouter.swift; sourceTree = "<group>"; };
		1161FBDE243AF9B800793751 /* FeatureModule.swift */ = {isa = PBXFileReference; fileEncoding = 4; lastKnownFileType = sourcecode.swift; path = FeatureModule.swift; sourceTree = "<group>"; };
		1161FBE7243AFB2300793751 /* LoginInterfaces.swift */ = {isa = PBXFileReference; lastKnownFileType = sourcecode.swift; path = LoginInterfaces.swift; sourceTree = "<group>"; };
		1161FBE9243AFB3C00793751 /* LoginViewModel.swift */ = {isa = PBXFileReference; lastKnownFileType = sourcecode.swift; path = LoginViewModel.swift; sourceTree = "<group>"; };
		1161FBEB243AFB4500793751 /* LoginWireframe.swift */ = {isa = PBXFileReference; lastKnownFileType = sourcecode.swift; path = LoginWireframe.swift; sourceTree = "<group>"; };
		1161FBED243AFB5A00793751 /* LoginPresenter.swift */ = {isa = PBXFileReference; lastKnownFileType = sourcecode.swift; path = LoginPresenter.swift; sourceTree = "<group>"; };
		1161FBEF243AFB6500793751 /* LoginViewController.swift */ = {isa = PBXFileReference; lastKnownFileType = sourcecode.swift; path = LoginViewController.swift; sourceTree = "<group>"; };
		1161FBF0243AFB6500793751 /* LoginViewController.xib */ = {isa = PBXFileReference; lastKnownFileType = file.xib; path = LoginViewController.xib; sourceTree = "<group>"; };
		1161FBF3243AFB6E00793751 /* LoginModule.swift */ = {isa = PBXFileReference; lastKnownFileType = sourcecode.swift; path = LoginModule.swift; sourceTree = "<group>"; };
		1161FBF6243B217200793751 /* HomeInterfaces.swift */ = {isa = PBXFileReference; lastKnownFileType = sourcecode.swift; path = HomeInterfaces.swift; sourceTree = "<group>"; };
		1161FBF8243B21E500793751 /* HomeViewModel.swift */ = {isa = PBXFileReference; lastKnownFileType = sourcecode.swift; path = HomeViewModel.swift; sourceTree = "<group>"; };
		1161FBFA243B21F300793751 /* HomeWireframe.swift */ = {isa = PBXFileReference; lastKnownFileType = sourcecode.swift; path = HomeWireframe.swift; sourceTree = "<group>"; };
		1161FBFC243B21FD00793751 /* HomePresenter.swift */ = {isa = PBXFileReference; lastKnownFileType = sourcecode.swift; path = HomePresenter.swift; sourceTree = "<group>"; };
		1161FBFE243B220500793751 /* HomeViewController.swift */ = {isa = PBXFileReference; lastKnownFileType = sourcecode.swift; path = HomeViewController.swift; sourceTree = "<group>"; };
		1161FBFF243B220500793751 /* HomeViewController.xib */ = {isa = PBXFileReference; lastKnownFileType = file.xib; path = HomeViewController.xib; sourceTree = "<group>"; };
		1161FC02243B221400793751 /* HomeModule.swift */ = {isa = PBXFileReference; lastKnownFileType = sourcecode.swift; path = HomeModule.swift; sourceTree = "<group>"; };
		1161FC05243B25F900793751 /* AwardTableCell.swift */ = {isa = PBXFileReference; lastKnownFileType = sourcecode.swift; path = AwardTableCell.swift; sourceTree = "<group>"; };
		1161FC06243B25F900793751 /* AwardTableCell.xib */ = {isa = PBXFileReference; lastKnownFileType = file.xib; path = AwardTableCell.xib; sourceTree = "<group>"; };
/* End PBXFileReference section */

/* Begin PBXFrameworksBuildPhase section */
		1161FBA2243AF61600793751 /* Frameworks */ = {
			isa = PBXFrameworksBuildPhase;
			buildActionMask = 2147483647;
			files = (
			);
			runOnlyForDeploymentPostprocessing = 0;
		};
/* End PBXFrameworksBuildPhase section */

/* Begin PBXGroup section */
		114FB96F243B28F300FD9AAA /* Model */ = {
			isa = PBXGroup;
			children = (
				114FB970243B290200FD9AAA /* RewardModel.swift */,
			);
			path = Model;
			sourceTree = "<group>";
		};
		1161FB9C243AF61600793751 = {
			isa = PBXGroup;
			children = (
				1161FBA7243AF61600793751 /* Awards App */,
				1161FBA6243AF61600793751 /* Products */,
			);
			sourceTree = "<group>";
		};
		1161FBA6243AF61600793751 /* Products */ = {
			isa = PBXGroup;
			children = (
				1161FBA5243AF61600793751 /* Awards App.app */,
			);
			name = Products;
			sourceTree = "<group>";
		};
		1161FBA7243AF61600793751 /* Awards App */ = {
			isa = PBXGroup;
			children = (
				1161FBBC243AF79B00793751 /* Core */,
				114FB96F243B28F300FD9AAA /* Model */,
				1161FBE3243AF9E600793751 /* Features */,
				1161FBA8243AF61600793751 /* AppDelegate.swift */,
				1161FBB1243AF61800793751 /* Assets.xcassets */,
				1161FBB3243AF61800793751 /* LaunchScreen.storyboard */,
				1161FBB6243AF61800793751 /* Info.plist */,
			);
			path = "Awards App";
			sourceTree = "<group>";
		};
		1161FBBC243AF79B00793751 /* Core */ = {
			isa = PBXGroup;
			children = (
				1161FBD2243AF94F00793751 /* Routers */,
				1161FBC1243AF92C00793751 /* Extensions */,
			);
			path = Core;
			sourceTree = "<group>";
		};
		1161FBC1243AF92C00793751 /* Extensions */ = {
			isa = PBXGroup;
			children = (
				1161FBC2243AF93C00793751 /* Extension+Codable.swift */,
				1161FBC9243AF93C00793751 /* Extension+String.swift */,
				1161FBC8243AF93C00793751 /* Extension+UIApplication.swift */,
				1161FBC3243AF93C00793751 /* Extension+UIImageView.swift */,
				1161FBC6243AF93C00793751 /* Extension+UITableView.swift */,
				1161FBC7243AF93C00793751 /* Extension+UITableViewCell.swift */,
				1161FBC5243AF93C00793751 /* Extension+UIView.swift */,
				1161FBC4243AF93C00793751 /* Extension+UIViewController.swift */,
				114FB96D243B26D800FD9AAA /* Extension+UILabel.swift */,
				114FB972243B333F00FD9AAA /* Exntension+UINavigationController.swift */,
			);
			path = Extensions;
			sourceTree = "<group>";
		};
		1161FBD2243AF94F00793751 /* Routers */ = {
			isa = PBXGroup;
			children = (
				1161FBDD243AF9B800793751 /* AppRouter.swift */,
				1161FBDE243AF9B800793751 /* FeatureModule.swift */,
				1161FBDB243AF9B800793751 /* IModule.swift */,
				1161FBDC243AF9B800793751 /* IRouter.swift */,
			);
			path = Routers;
			sourceTree = "<group>";
		};
		1161FBE3243AF9E600793751 /* Features */ = {
			isa = PBXGroup;
			children = (
				1161FBE4243AFA1A00793751 /* Login */,
				1161FBF5243B0CF500793751 /* Home */,
			);
			path = Features;
			sourceTree = "<group>";
		};
		1161FBE4243AFA1A00793751 /* Login */ = {
			isa = PBXGroup;
			children = (
				1161FBE7243AFB2300793751 /* LoginInterfaces.swift */,
				1161FBE9243AFB3C00793751 /* LoginViewModel.swift */,
				1161FBEB243AFB4500793751 /* LoginWireframe.swift */,
				1161FBED243AFB5A00793751 /* LoginPresenter.swift */,
				1161FBEF243AFB6500793751 /* LoginViewController.swift */,
				1161FBF0243AFB6500793751 /* LoginViewController.xib */,
				1161FBF3243AFB6E00793751 /* LoginModule.swift */,
			);
			path = Login;
			sourceTree = "<group>";
		};
		1161FBF5243B0CF500793751 /* Home */ = {
			isa = PBXGroup;
			children = (
				1161FC04243B25E100793751 /* Table Cells */,
				1161FBF6243B217200793751 /* HomeInterfaces.swift */,
				1161FBF8243B21E500793751 /* HomeViewModel.swift */,
				1161FBFA243B21F300793751 /* HomeWireframe.swift */,
				1161FBFC243B21FD00793751 /* HomePresenter.swift */,
				1161FBFE243B220500793751 /* HomeViewController.swift */,
				1161FBFF243B220500793751 /* HomeViewController.xib */,
				1161FC02243B221400793751 /* HomeModule.swift */,
			);
			path = Home;
			sourceTree = "<group>";
		};
		1161FC04243B25E100793751 /* Table Cells */ = {
			isa = PBXGroup;
			children = (
				1161FC05243B25F900793751 /* AwardTableCell.swift */,
				1161FC06243B25F900793751 /* AwardTableCell.xib */,
			);
			path = "Table Cells";
			sourceTree = "<group>";
		};
/* End PBXGroup section */

/* Begin PBXNativeTarget section */
		1161FBA4243AF61600793751 /* Awards App */ = {
			isa = PBXNativeTarget;
			buildConfigurationList = 1161FBB9243AF61800793751 /* Build configuration list for PBXNativeTarget "Awards App" */;
			buildPhases = (
				1161FBA1243AF61600793751 /* Sources */,
				1161FBA2243AF61600793751 /* Frameworks */,
				1161FBA3243AF61600793751 /* Resources */,
			);
			buildRules = (
			);
			dependencies = (
			);
			name = "Awards App";
			productName = "Awards App";
			productReference = 1161FBA5243AF61600793751 /* Awards App.app */;
			productType = "com.apple.product-type.application";
		};
/* End PBXNativeTarget section */

/* Begin PBXProject section */
		1161FB9D243AF61600793751 /* Project object */ = {
			isa = PBXProject;
			attributes = {
				LastSwiftUpdateCheck = 1140;
				LastUpgradeCheck = 1140;
				ORGANIZATIONNAME = "Verrelio C. Rizky";
				TargetAttributes = {
					1161FBA4243AF61600793751 = {
						CreatedOnToolsVersion = 11.4;
					};
				};
			};
			buildConfigurationList = 1161FBA0243AF61600793751 /* Build configuration list for PBXProject "Awards App" */;
			compatibilityVersion = "Xcode 9.3";
			developmentRegion = en;
			hasScannedForEncodings = 0;
			knownRegions = (
				en,
				Base,
			);
			mainGroup = 1161FB9C243AF61600793751;
			productRefGroup = 1161FBA6243AF61600793751 /* Products */;
			projectDirPath = "";
			projectRoot = "";
			targets = (
				1161FBA4243AF61600793751 /* Awards App */,
			);
		};
/* End PBXProject section */

/* Begin PBXResourcesBuildPhase section */
		1161FBA3243AF61600793751 /* Resources */ = {
			isa = PBXResourcesBuildPhase;
			buildActionMask = 2147483647;
			files = (
				1161FBB5243AF61800793751 /* LaunchScreen.storyboard in Resources */,
				1161FC08243B25F900793751 /* AwardTableCell.xib in Resources */,
				1161FBB2243AF61800793751 /* Assets.xcassets in Resources */,
				1161FBF2243AFB6500793751 /* LoginViewController.xib in Resources */,
				1161FC01243B220500793751 /* HomeViewController.xib in Resources */,
			);
			runOnlyForDeploymentPostprocessing = 0;
		};
/* End PBXResourcesBuildPhase section */

/* Begin PBXSourcesBuildPhase section */
		1161FBA1243AF61600793751 /* Sources */ = {
			isa = PBXSourcesBuildPhase;
			buildActionMask = 2147483647;
			files = (
				1161FBF1243AFB6500793751 /* LoginViewController.swift in Sources */,
				1161FBE0243AF9B800793751 /* IRouter.swift in Sources */,
				114FB971243B290200FD9AAA /* RewardModel.swift in Sources */,
				1161FBFD243B21FD00793751 /* HomePresenter.swift in Sources */,
				1161FBD0243AF93C00793751 /* Extension+String.swift in Sources */,
				1161FBCF243AF93C00793751 /* Extension+UIView.swift in Sources */,
				1161FBA9243AF61600793751 /* AppDelegate.swift in Sources */,
				114FB96E243B26D800FD9AAA /* Extension+UILabel.swift in Sources */,
				1161FBCB243AF93C00793751 /* Extension+UIImageView.swift in Sources */,
				1161FBCC243AF93C00793751 /* Extension+UIApplication.swift in Sources */,
				1161FBE2243AF9B800793751 /* FeatureModule.swift in Sources */,
				1161FBE8243AFB2300793751 /* LoginInterfaces.swift in Sources */,
				1161FBEA243AFB3C00793751 /* LoginViewModel.swift in Sources */,
				1161FC00243B220500793751 /* HomeViewController.swift in Sources */,
				1161FBEE243AFB5A00793751 /* LoginPresenter.swift in Sources */,
				1161FBCD243AF93C00793751 /* Extension+UIViewController.swift in Sources */,
				1161FBEC243AFB4500793751 /* LoginWireframe.swift in Sources */,
				1161FBF4243AFB6E00793751 /* LoginModule.swift in Sources */,
				1161FBCE243AF93C00793751 /* Extension+Codable.swift in Sources */,
				114FB973243B333F00FD9AAA /* Exntension+UINavigationController.swift in Sources */,
				1161FC03243B221400793751 /* HomeModule.swift in Sources */,
				1161FBE1243AF9B800793751 /* AppRouter.swift in Sources */,
				1161FBF9243B21E500793751 /* HomeViewModel.swift in Sources */,
				1161FC07243B25F900793751 /* AwardTableCell.swift in Sources */,
				1161FBF7243B217200793751 /* HomeInterfaces.swift in Sources */,
				1161FBDF243AF9B800793751 /* IModule.swift in Sources */,
				1161FBCA243AF93C00793751 /* Extension+UITableView.swift in Sources */,
				1161FBD1243AF93C00793751 /* Extension+UITableViewCell.swift in Sources */,
				1161FBFB243B21F300793751 /* HomeWireframe.swift in Sources */,
			);
			runOnlyForDeploymentPostprocessing = 0;
		};
/* End PBXSourcesBuildPhase section */

/* Begin PBXVariantGroup section */
		1161FBB3243AF61800793751 /* LaunchScreen.storyboard */ = {
			isa = PBXVariantGroup;
			children = (
				1161FBB4243AF61800793751 /* Base */,
			);
			name = LaunchScreen.storyboard;
			sourceTree = "<group>";
		};
/* End PBXVariantGroup section */

/* Begin XCBuildConfiguration section */
		1161FBB7243AF61800793751 /* Debug */ = {
			isa = XCBuildConfiguration;
			buildSettings = {
				ALWAYS_SEARCH_USER_PATHS = NO;
				CLANG_ANALYZER_NONNULL = YES;
				CLANG_ANALYZER_NUMBER_OBJECT_CONVERSION = YES_AGGRESSIVE;
				CLANG_CXX_LANGUAGE_STANDARD = "gnu++14";
				CLANG_CXX_LIBRARY = "libc++";
				CLANG_ENABLE_MODULES = YES;
				CLANG_ENABLE_OBJC_ARC = YES;
				CLANG_ENABLE_OBJC_WEAK = YES;
				CLANG_WARN_BLOCK_CAPTURE_AUTORELEASING = YES;
				CLANG_WARN_BOOL_CONVERSION = YES;
				CLANG_WARN_COMMA = YES;
				CLANG_WARN_CONSTANT_CONVERSION = YES;
				CLANG_WARN_DEPRECATED_OBJC_IMPLEMENTATIONS = YES;
				CLANG_WARN_DIRECT_OBJC_ISA_USAGE = YES_ERROR;
				CLANG_WARN_DOCUMENTATION_COMMENTS = YES;
				CLANG_WARN_EMPTY_BODY = YES;
				CLANG_WARN_ENUM_CONVERSION = YES;
				CLANG_WARN_INFINITE_RECURSION = YES;
				CLANG_WARN_INT_CONVERSION = YES;
				CLANG_WARN_NON_LITERAL_NULL_CONVERSION = YES;
				CLANG_WARN_OBJC_IMPLICIT_RETAIN_SELF = YES;
				CLANG_WARN_OBJC_LITERAL_CONVERSION = YES;
				CLANG_WARN_OBJC_ROOT_CLASS = YES_ERROR;
				CLANG_WARN_RANGE_LOOP_ANALYSIS = YES;
				CLANG_WARN_STRICT_PROTOTYPES = YES;
				CLANG_WARN_SUSPICIOUS_MOVE = YES;
				CLANG_WARN_UNGUARDED_AVAILABILITY = YES_AGGRESSIVE;
				CLANG_WARN_UNREACHABLE_CODE = YES;
				CLANG_WARN__DUPLICATE_METHOD_MATCH = YES;
				COPY_PHASE_STRIP = NO;
				DEBUG_INFORMATION_FORMAT = dwarf;
				ENABLE_STRICT_OBJC_MSGSEND = YES;
				ENABLE_TESTABILITY = YES;
				GCC_C_LANGUAGE_STANDARD = gnu11;
				GCC_DYNAMIC_NO_PIC = NO;
				GCC_NO_COMMON_BLOCKS = YES;
				GCC_OPTIMIZATION_LEVEL = 0;
				GCC_PREPROCESSOR_DEFINITIONS = (
					"DEBUG=1",
					"$(inherited)",
				);
				GCC_WARN_64_TO_32_BIT_CONVERSION = YES;
				GCC_WARN_ABOUT_RETURN_TYPE = YES_ERROR;
				GCC_WARN_UNDECLARED_SELECTOR = YES;
				GCC_WARN_UNINITIALIZED_AUTOS = YES_AGGRESSIVE;
				GCC_WARN_UNUSED_FUNCTION = YES;
				GCC_WARN_UNUSED_VARIABLE = YES;
				IPHONEOS_DEPLOYMENT_TARGET = 13.4;
				MTL_ENABLE_DEBUG_INFO = INCLUDE_SOURCE;
				MTL_FAST_MATH = YES;
				ONLY_ACTIVE_ARCH = YES;
				SDKROOT = iphoneos;
				SWIFT_ACTIVE_COMPILATION_CONDITIONS = DEBUG;
				SWIFT_OPTIMIZATION_LEVEL = "-Onone";
			};
			name = Debug;
		};
		1161FBB8243AF61800793751 /* Release */ = {
			isa = XCBuildConfiguration;
			buildSettings = {
				ALWAYS_SEARCH_USER_PATHS = NO;
				CLANG_ANALYZER_NONNULL = YES;
				CLANG_ANALYZER_NUMBER_OBJECT_CONVERSION = YES_AGGRESSIVE;
				CLANG_CXX_LANGUAGE_STANDARD = "gnu++14";
				CLANG_CXX_LIBRARY = "libc++";
				CLANG_ENABLE_MODULES = YES;
				CLANG_ENABLE_OBJC_ARC = YES;
				CLANG_ENABLE_OBJC_WEAK = YES;
				CLANG_WARN_BLOCK_CAPTURE_AUTORELEASING = YES;
				CLANG_WARN_BOOL_CONVERSION = YES;
				CLANG_WARN_COMMA = YES;
				CLANG_WARN_CONSTANT_CONVERSION = YES;
				CLANG_WARN_DEPRECATED_OBJC_IMPLEMENTATIONS = YES;
				CLANG_WARN_DIRECT_OBJC_ISA_USAGE = YES_ERROR;
				CLANG_WARN_DOCUMENTATION_COMMENTS = YES;
				CLANG_WARN_EMPTY_BODY = YES;
				CLANG_WARN_ENUM_CONVERSION = YES;
				CLANG_WARN_INFINITE_RECURSION = YES;
				CLANG_WARN_INT_CONVERSION = YES;
				CLANG_WARN_NON_LITERAL_NULL_CONVERSION = YES;
				CLANG_WARN_OBJC_IMPLICIT_RETAIN_SELF = YES;
				CLANG_WARN_OBJC_LITERAL_CONVERSION = YES;
				CLANG_WARN_OBJC_ROOT_CLASS = YES_ERROR;
				CLANG_WARN_RANGE_LOOP_ANALYSIS = YES;
				CLANG_WARN_STRICT_PROTOTYPES = YES;
				CLANG_WARN_SUSPICIOUS_MOVE = YES;
				CLANG_WARN_UNGUARDED_AVAILABILITY = YES_AGGRESSIVE;
				CLANG_WARN_UNREACHABLE_CODE = YES;
				CLANG_WARN__DUPLICATE_METHOD_MATCH = YES;
				COPY_PHASE_STRIP = NO;
				DEBUG_INFORMATION_FORMAT = "dwarf-with-dsym";
				ENABLE_NS_ASSERTIONS = NO;
				ENABLE_STRICT_OBJC_MSGSEND = YES;
				GCC_C_LANGUAGE_STANDARD = gnu11;
				GCC_NO_COMMON_BLOCKS = YES;
				GCC_WARN_64_TO_32_BIT_CONVERSION = YES;
				GCC_WARN_ABOUT_RETURN_TYPE = YES_ERROR;
				GCC_WARN_UNDECLARED_SELECTOR = YES;
				GCC_WARN_UNINITIALIZED_AUTOS = YES_AGGRESSIVE;
				GCC_WARN_UNUSED_FUNCTION = YES;
				GCC_WARN_UNUSED_VARIABLE = YES;
				IPHONEOS_DEPLOYMENT_TARGET = 13.4;
				MTL_ENABLE_DEBUG_INFO = NO;
				MTL_FAST_MATH = YES;
				SDKROOT = iphoneos;
				SWIFT_COMPILATION_MODE = wholemodule;
				SWIFT_OPTIMIZATION_LEVEL = "-O";
				VALIDATE_PRODUCT = YES;
			};
			name = Release;
		};
		1161FBBA243AF61800793751 /* Debug */ = {
			isa = XCBuildConfiguration;
			buildSettings = {
				ASSETCATALOG_COMPILER_APPICON_NAME = AppIcon;
				CODE_SIGN_STYLE = Automatic;
				DEVELOPMENT_TEAM = 6MERJ8ZW37;
				INFOPLIST_FILE = "Awards App/Info.plist";
				IPHONEOS_DEPLOYMENT_TARGET = 13.0;
				LD_RUNPATH_SEARCH_PATHS = (
					"$(inherited)",
					"@executable_path/Frameworks",
				);
				PRODUCT_BUNDLE_IDENTIFIER = personal.awards.app;
				PRODUCT_NAME = "$(TARGET_NAME)";
				SWIFT_VERSION = 5.0;
				TARGETED_DEVICE_FAMILY = "1,2";
			};
			name = Debug;
		};
		1161FBBB243AF61800793751 /* Release */ = {
			isa = XCBuildConfiguration;
			buildSettings = {
				ASSETCATALOG_COMPILER_APPICON_NAME = AppIcon;
				CODE_SIGN_STYLE = Automatic;
				DEVELOPMENT_TEAM = 6MERJ8ZW37;
				INFOPLIST_FILE = "Awards App/Info.plist";
				IPHONEOS_DEPLOYMENT_TARGET = 13.0;
				LD_RUNPATH_SEARCH_PATHS = (
					"$(inherited)",
					"@executable_path/Frameworks",
				);
				PRODUCT_BUNDLE_IDENTIFIER = personal.awards.app;
				PRODUCT_NAME = "$(TARGET_NAME)";
				SWIFT_VERSION = 5.0;
				TARGETED_DEVICE_FAMILY = "1,2";
			};
			name = Release;
		};
/* End XCBuildConfiguration section */

/* Begin XCConfigurationList section */
		1161FBA0243AF61600793751 /* Build configuration list for PBXProject "Awards App" */ = {
			isa = XCConfigurationList;
			buildConfigurations = (
				1161FBB7243AF61800793751 /* Debug */,
				1161FBB8243AF61800793751 /* Release */,
			);
			defaultConfigurationIsVisible = 0;
			defaultConfigurationName = Release;
		};
		1161FBB9243AF61800793751 /* Build configuration list for PBXNativeTarget "Awards App" */ = {
			isa = XCConfigurationList;
			buildConfigurations = (
				1161FBBA243AF61800793751 /* Debug */,
				1161FBBB243AF61800793751 /* Release */,
			);
			defaultConfigurationIsVisible = 0;
			defaultConfigurationName = Release;
		};
/* End XCConfigurationList section */
	};
	rootObject = 1161FB9D243AF61600793751 /* Project object */;
}
